
Microsoft Visual Studio Solution File, Format Version 12.00
# Visual Studio Version 17
VisualStudioVersion = 17.1.32328.378
MinimumVisualStudioVersion = 10.0.40219.1
Project("{8BC9CEB8-8B4A-11D0-8D11-00A0C91BC942}") = "POJ3294", "POJ3294\POJ3294.vcxproj", "{9D461DE3-8102-404B-B366-C37A3E6DEE20}"
EndProject
Global
	GlobalSection(SolutionConfigurationPlatforms) = preSolution
		Debug|x64 = Debug|x64
		Debug|x86 = Debug|x86
		Release|x64 = Release|x64
		Release|x86 = Release|x86
	EndGlobalSection
	GlobalSection(ProjectConfigurationPlatforms) = postSolution
		{9D461DE3-8102-404B-B366-C37A3E6DEE20}.Debug|x64.ActiveCfg = Debug|x64
		{9D461DE3-8102-404B-B366-C37A3E6DEE20}.Debug|x64.Build.0 = Debug|x64
		{9D461DE3-8102-404B-B366-C37A3E6DEE20}.Debug|x86.ActiveCfg = Debug|Win32
		{9D461DE3-8102-404B-B366-C37A3E6DEE20}.Debug|x86.Build.0 = Debug|Win32
		{9D461DE3-8102-404B-B366-C37A3E6DEE20}.Release|x64.ActiveCfg = Release|x64
		{9D461DE3-8102-404B-B366-C37A3E6DEE20}.Release|x64.Build.0 = Release|x64
		{9D461DE3-8102-404B-B366-C37A3E6DEE20}.Release|x86.ActiveCfg = Release|Win32
		{9D461DE3-8102-404B-B366-C37A3E6DEE20}.Release|x86.Build.0 = Release|Win32
	EndGlobalSection
	GlobalSection(SolutionProperties) = preSolution
		HideSolutionNode = FALSE
	EndGlobalSection
	GlobalSection(ExtensibilityGlobals) = postSolution
		SolutionGuid = {1328C43F-27C9-40E3-BD5C-9979487A0C3D}
	EndGlobalSection
EndGlobal
