
Microsoft Visual Studio Solution File, Format Version 12.00
# Visual Studio Version 17
VisualStudioVersion = 17.1.32328.378
MinimumVisualStudioVersion = 10.0.40219.1
Project("{8BC9CEB8-8B4A-11D0-8D11-00A0C91BC942}") = "POJ1417 True Liars", "POJ1417 True Liars\POJ1417 True Liars.vcxproj", "{391DCE1F-3B7C-408D-B013-507408019EFF}"
EndProject
Global
	GlobalSection(SolutionConfigurationPlatforms) = preSolution
		Debug|x64 = Debug|x64
		Debug|x86 = Debug|x86
		Release|x64 = Release|x64
		Release|x86 = Release|x86
	EndGlobalSection
	GlobalSection(ProjectConfigurationPlatforms) = postSolution
		{391DCE1F-3B7C-408D-B013-507408019EFF}.Debug|x64.ActiveCfg = Debug|x64
		{391DCE1F-3B7C-408D-B013-507408019EFF}.Debug|x64.Build.0 = Debug|x64
		{391DCE1F-3B7C-408D-B013-507408019EFF}.Debug|x86.ActiveCfg = Debug|Win32
		{391DCE1F-3B7C-408D-B013-507408019EFF}.Debug|x86.Build.0 = Debug|Win32
		{391DCE1F-3B7C-408D-B013-507408019EFF}.Release|x64.ActiveCfg = Release|x64
		{391DCE1F-3B7C-408D-B013-507408019EFF}.Release|x64.Build.0 = Release|x64
		{391DCE1F-3B7C-408D-B013-507408019EFF}.Release|x86.ActiveCfg = Release|Win32
		{391DCE1F-3B7C-408D-B013-507408019EFF}.Release|x86.Build.0 = Release|Win32
	EndGlobalSection
	GlobalSection(SolutionProperties) = preSolution
		HideSolutionNode = FALSE
	EndGlobalSection
	GlobalSection(ExtensibilityGlobals) = postSolution
		SolutionGuid = {5A81AECF-CD6E-4708-96A1-134A50C5B225}
	EndGlobalSection
EndGlobal
